<?xml version="1.0" encoding="utf-8"?>
<Project ToolsVersion="4.0" xmlns="http://schemas.microsoft.com/developer/msbuild/2003">
  <ItemGroup>
    <Filter Include="源文件">
      <UniqueIdentifier>{4FC737F1-C7A5-4376-A066-2A32D752A2FF}</UniqueIdentifier>
      <Extensions>cpp;c;cc;cxx;c++;cppm;ixx;def;odl;idl;hpj;bat;asm;asmx</Extensions>
    </Filter>
    <Filter Include="头文件">
      <UniqueIdentifier>{93995380-89BD-4b04-88EB-625FBE52EBFB}</UniqueIdentifier>
      <Extensions>h;hh;hpp;hxx;h++;hm;inl;inc;ipp;xsd</Extensions>
    </Filter>
    <Filter Include="资源文件">
      <UniqueIdentifier>{67DA6AB6-F800-4c08-8B7A-83BB121AAD01}</UniqueIdentifier>
      <Extensions>rc;ico;cur;bmp;dlg;rc2;rct;bin;rgs;gif;jpg;jpeg;jpe;resx;tiff;tif;png;wav;mfcribbon-ms</Extensions>
    </Filter>
  </ItemGroup>
  <ItemGroup>
    <ClInclude Include="src\global.hpp">
      <Filter>头文件</Filter>
    </ClInclude>
    <ClInclude Include="src\OBJ_Loader.h">
      <Filter>头文件</Filter>
    </ClInclude>
    <ClInclude Include="src\rasterizer.hpp">
      <Filter>头文件</Filter>
    </ClInclude>
    <ClInclude Include="src\Shader.hpp">
      <Filter>头文件</Filter>
    </ClInclude>
    <ClInclude Include="src\Texture.hpp">
      <Filter>头文件</Filter>
    </ClInclude>
    <ClInclude Include="src\Triangle.hpp">
      <Filter>头文件</Filter>
    </ClInclude>
  </ItemGroup>
  <ItemGroup>
    <ClCompile Include="src\main.cpp">
      <Filter>源文件</Filter>
    </ClCompile>
    <ClCompile Include="src\rasterizer.cpp">
      <Filter>源文件</Filter>
    </ClCompile>
    <ClCompile Include="src\Texture.cpp">
      <Filter>源文件</Filter>
    </ClCompile>
    <ClCompile Include="src\Triangle.cpp">
      <Filter>源文件</Filter>
    </ClCompile>
  </ItemGroup>
  <ItemGroup>
    <Image Include="output_1amb_10.png">
      <Filter>资源文件</Filter>
    </Image>
    <Image Include="output_3amb_0.png">
      <Filter>资源文件</Filter>
    </Image>
    <Image Include="output_3amb_10.png">
      <Filter>资源文件</Filter>
    </Image>
    <Image Include="output_bilinear.png">
      <Filter>资源文件</Filter>
    </Image>
    <Image Include="output_displacement.png">
      <Filter>资源文件</Filter>
    </Image>
    <Image Include="output_fix.png">
      <Filter>资源文件</Filter>
    </Image>
    <Image Include="output_no_aa.png">
      <Filter>资源文件</Filter>
    </Image>
    <Image Include="output_no_bilinear.png">
      <Filter>资源文件</Filter>
    </Image>
    <Image Include="output_no_ssaa.png">
      <Filter>资源文件</Filter>
    </Image>
    <Image Include="output_normal_fix.png">
      <Filter>资源文件</Filter>
    </Image>
    <Image Include="output_phong_fix.png">
      <Filter>资源文件</Filter>
    </Image>
    <Image Include="output_scr.png">
      <Filter>资源文件</Filter>
    </Image>
    <Image Include="output_screen_norm.png">
      <Filter>资源文件</Filter>
    </Image>
    <Image Include="output_SSAA.png">
      <Filter>资源文件</Filter>
    </Image>
    <Image Include="output_ssaa_fail.png">
      <Filter>资源文件</Filter>
    </Image>
    <Image Include="outputBump.png">
      <Filter>资源文件</Filter>
    </Image>
  </ItemGroup>
</Project>